Microsoft Visual Studio Solution File, Format Version 12.00
# Visual Studio Version 17
VisualStudioVersion = 17.5.2.0
MinimumVisualStudioVersion = 10.0.40219.1
Project("{FAE04EC0-301F-11D3-BF4B-00C04F79EFBC}") = "DenoWrapper", "DenoWrapper\DenoWrapper.csproj", "{E80A1063-957E-0F14-0549-34B097329EED}"
EndProject
Project("{FAE04EC0-301F-11D3-BF4B-00C04F79EFBC}") = "DenoWrapper.Example", "DenoWrapper.Example\DenoWrapper.Example.csproj", "{ADD2E22A-3C27-90EB-D662-07EC89ECAAF7}"
EndProject
Project("{FAE04EC0-301F-11D3-BF4B-00C04F79EFBC}") = "DenoWrapper.Tests", "DenoWrapper.Tests\DenoWrapper.Tests.csproj", "{32845160-9467-1836-F36F-760A3B7F86B4}"
EndProject
Global
	GlobalSection(SolutionConfigurationPlatforms) = preSolution
		Debug|Any CPU = Debug|Any CPU
		Release|Any CPU = Release|Any CPU
	EndGlobalSection
	GlobalSection(ProjectConfigurationPlatforms) = postSolution
		{E80A1063-957E-0F14-0549-34B097329EED}.Debug|Any CPU.ActiveCfg = Debug|Any CPU
		{E80A1063-957E-0F14-0549-34B097329EED}.Debug|Any CPU.Build.0 = Debug|Any CPU
		{E80A1063-957E-0F14-0549-34B097329EED}.Release|Any CPU.ActiveCfg = Release|Any CPU
		{E80A1063-957E-0F14-0549-34B097329EED}.Release|Any CPU.Build.0 = Release|Any CPU
		{ADD2E22A-3C27-90EB-D662-07EC89ECAAF7}.Debug|Any CPU.ActiveCfg = Debug|Any CPU
		{ADD2E22A-3C27-90EB-D662-07EC89ECAAF7}.Debug|Any CPU.Build.0 = Debug|Any CPU
		{ADD2E22A-3C27-90EB-D662-07EC89ECAAF7}.Release|Any CPU.ActiveCfg = Release|Any CPU
		{ADD2E22A-3C27-90EB-D662-07EC89ECAAF7}.Release|Any CPU.Build.0 = Release|Any CPU
		{32845160-9467-1836-F36F-760A3B7F86B4}.Debug|Any CPU.ActiveCfg = Debug|Any CPU
		{32845160-9467-1836-F36F-760A3B7F86B4}.Debug|Any CPU.Build.0 = Debug|Any CPU
		{32845160-9467-1836-F36F-760A3B7F86B4}.Release|Any CPU.ActiveCfg = Release|Any CPU
		{32845160-9467-1836-F36F-760A3B7F86B4}.Release|Any CPU.Build.0 = Release|Any CPU
	EndGlobalSection
	GlobalSection(SolutionProperties) = preSolution
		HideSolutionNode = FALSE
	EndGlobalSection
	GlobalSection(ExtensibilityGlobals) = postSolution
		SolutionGuid = {37ECEA92-9082-404F-8C95-F3BE03E00C3E}
	EndGlobalSection
EndGlobal
