Microsoft Visual Studio Solution File, Format Version 12.00
# Visual Studio Version 17
VisualStudioVersion = 17.5.2.0
MinimumVisualStudioVersion = 10.0.40219.1
Project("{FAE04EC0-301F-11D3-BF4B-00C04F79EFBC}") = "DenoWrapper.Example", "DenoWrapper.Example\DenoWrapper.Example.csproj", "{ADD2E22A-3C27-90EB-D662-07EC89ECAAF7}"
EndProject
Project("{FAE04EC0-301F-11D3-BF4B-00C04F79EFBC}") = "DenoWrapper.Tests", "DenoWrapper.Tests\DenoWrapper.Tests.csproj", "{32845160-9467-1836-F36F-760A3B7F86B4}"
EndProject
Project("{FAE04EC0-301F-11D3-BF4B-00C04F79EFBC}") = "DenoWrapper.Core", "DenoWrapper.Core\DenoWrapper.Core.csproj", "{46CB55F6-F8D8-EA5D-D844-B98CC3F6B354}"
EndProject
Project("{FAE04EC0-301F-11D3-BF4B-00C04F79EFBC}") = "DenoWrapper.Runtime.win-x64", "DenoWrapper.Runtime.win-x64\DenoWrapper.Runtime.win-x64.csproj", "{CEEA0EA6-E97C-4CBB-88F0-6945A74513A6}"
EndProject
Project("{FAE04EC0-301F-11D3-BF4B-00C04F79EFBC}") = "DenoWrapper.Runtime.linux-x64", "DenoWrapper.Runtime.linux-x64\DenoWrapper.Runtime.linux-x64.csproj", "{FAF86FC5-3942-4D49-83C8-BC97F99EB039}"
EndProject
Project("{FAE04EC0-301F-11D3-BF4B-00C04F79EFBC}") = "DenoWrapper.Runtime.osx-arm64", "DenoWrapper.Runtime.osx-arm64\DenoWrapper.Runtime.osx-arm64.csproj", "{2BE3568C-FF21-4265-A027-B6759865E1DA}"
EndProject
Project("{FAE04EC0-301F-11D3-BF4B-00C04F79EFBC}") = "DenoWrapper.Runtime.osx-x64", "DenoWrapper.Runtime.osx-x64\DenoWrapper.Runtime.osx-x64.csproj", "{BD00077A-8821-4C24-B806-C68566BDA28B}"
EndProject
Project("{FAE04EC0-301F-11D3-BF4B-00C04F79EFBC}") = "DenoWrapper.Runtime.linux-arm64", "DenoWrapper.Runtime.linux-arm64\DenoWrapper.Runtime.linux-arm64.csproj", "{E08DF2E1-B653-467B-919F-67048D17D049}"
EndProject
Global
	GlobalSection(SolutionConfigurationPlatforms) = preSolution
		Debug|Any CPU = Debug|Any CPU
		Release|Any CPU = Release|Any CPU
	EndGlobalSection
	GlobalSection(ProjectConfigurationPlatforms) = postSolution
		{ADD2E22A-3C27-90EB-D662-07EC89ECAAF7}.Debug|Any CPU.ActiveCfg = Debug|Any CPU
		{ADD2E22A-3C27-90EB-D662-07EC89ECAAF7}.Debug|Any CPU.Build.0 = Debug|Any CPU
		{ADD2E22A-3C27-90EB-D662-07EC89ECAAF7}.Release|Any CPU.ActiveCfg = Release|Any CPU
		{ADD2E22A-3C27-90EB-D662-07EC89ECAAF7}.Release|Any CPU.Build.0 = Release|Any CPU
		{32845160-9467-1836-F36F-760A3B7F86B4}.Debug|Any CPU.ActiveCfg = Debug|Any CPU
		{32845160-9467-1836-F36F-760A3B7F86B4}.Debug|Any CPU.Build.0 = Debug|Any CPU
		{32845160-9467-1836-F36F-760A3B7F86B4}.Release|Any CPU.ActiveCfg = Release|Any CPU
		{32845160-9467-1836-F36F-760A3B7F86B4}.Release|Any CPU.Build.0 = Release|Any CPU
		{46CB55F6-F8D8-EA5D-D844-B98CC3F6B354}.Debug|Any CPU.ActiveCfg = Debug|Any CPU
		{46CB55F6-F8D8-EA5D-D844-B98CC3F6B354}.Debug|Any CPU.Build.0 = Debug|Any CPU
		{46CB55F6-F8D8-EA5D-D844-B98CC3F6B354}.Release|Any CPU.ActiveCfg = Release|Any CPU
		{46CB55F6-F8D8-EA5D-D844-B98CC3F6B354}.Release|Any CPU.Build.0 = Release|Any CPU
		{CEEA0EA6-E97C-4CBB-88F0-6945A74513A6}.Debug|Any CPU.ActiveCfg = Debug|Any CPU
		{CEEA0EA6-E97C-4CBB-88F0-6945A74513A6}.Debug|Any CPU.Build.0 = Debug|Any CPU
		{CEEA0EA6-E97C-4CBB-88F0-6945A74513A6}.Release|Any CPU.ActiveCfg = Release|Any CPU
		{CEEA0EA6-E97C-4CBB-88F0-6945A74513A6}.Release|Any CPU.Build.0 = Release|Any CPU
		{FAF86FC5-3942-4D49-83C8-BC97F99EB039}.Debug|Any CPU.ActiveCfg = Debug|Any CPU
		{FAF86FC5-3942-4D49-83C8-BC97F99EB039}.Debug|Any CPU.Build.0 = Debug|Any CPU
		{FAF86FC5-3942-4D49-83C8-BC97F99EB039}.Release|Any CPU.ActiveCfg = Release|Any CPU
		{FAF86FC5-3942-4D49-83C8-BC97F99EB039}.Release|Any CPU.Build.0 = Release|Any CPU
		{2BE3568C-FF21-4265-A027-B6759865E1DA}.Debug|Any CPU.ActiveCfg = Debug|Any CPU
		{2BE3568C-FF21-4265-A027-B6759865E1DA}.Debug|Any CPU.Build.0 = Debug|Any CPU
		{2BE3568C-FF21-4265-A027-B6759865E1DA}.Release|Any CPU.ActiveCfg = Release|Any CPU
		{2BE3568C-FF21-4265-A027-B6759865E1DA}.Release|Any CPU.Build.0 = Release|Any CPU
		{BD00077A-8821-4C24-B806-C68566BDA28B}.Debug|Any CPU.ActiveCfg = Debug|Any CPU
		{BD00077A-8821-4C24-B806-C68566BDA28B}.Debug|Any CPU.Build.0 = Debug|Any CPU
		{BD00077A-8821-4C24-B806-C68566BDA28B}.Release|Any CPU.ActiveCfg = Release|Any CPU
		{BD00077A-8821-4C24-B806-C68566BDA28B}.Release|Any CPU.Build.0 = Release|Any CPU
		{E08DF2E1-B653-467B-919F-67048D17D049}.Debug|Any CPU.ActiveCfg = Debug|Any CPU
		{E08DF2E1-B653-467B-919F-67048D17D049}.Debug|Any CPU.Build.0 = Debug|Any CPU
		{E08DF2E1-B653-467B-919F-67048D17D049}.Release|Any CPU.ActiveCfg = Release|Any CPU
		{E08DF2E1-B653-467B-919F-67048D17D049}.Release|Any CPU.Build.0 = Release|Any CPU
	EndGlobalSection
	GlobalSection(SolutionProperties) = preSolution
		HideSolutionNode = FALSE
	EndGlobalSection
	GlobalSection(ExtensibilityGlobals) = postSolution
		SolutionGuid = {37ECEA92-9082-404F-8C95-F3BE03E00C3E}
	EndGlobalSection
EndGlobal
